
Microsoft Visual Studio Solution File, Format Version 12.00
# Visual Studio 2013
VisualStudioVersion = 12.0.30501.0
MinimumVisualStudioVersion = 10.0.40219.1
Project("{FAE04EC0-301F-11D3-BF4B-00C04F79EFBC}") = "MD5Hashing", "MD5Hashing\MD5Hashing.csproj", "{65AD14AF-BD4F-4CB4-9E3E-0C6156B406DC}"
EndProject
Global
	GlobalSection(SolutionConfigurationPlatforms) = preSolution
		Debug|Any CPU = Debug|Any CPU
		Release|Any CPU = Release|Any CPU
	EndGlobalSection
	GlobalSection(ProjectConfigurationPlatforms) = postSolution
		{65AD14AF-BD4F-4CB4-9E3E-0C6156B406DC}.Debug|Any CPU.ActiveCfg = Debug|Any CPU
		{65AD14AF-BD4F-4CB4-9E3E-0C6156B406DC}.Debug|Any CPU.Build.0 = Debug|Any CPU
		{65AD14AF-BD4F-4CB4-9E3E-0C6156B406DC}.Release|Any CPU.ActiveCfg = Release|Any CPU
		{65AD14AF-BD4F-4CB4-9E3E-0C6156B406DC}.Release|Any CPU.Build.0 = Release|Any CPU
	EndGlobalSection
	GlobalSection(SolutionProperties) = preSolution
		HideSolutionNode = FALSE
	EndGlobalSection
EndGlobal
