
Microsoft Visual Studio Solution File, Format Version 10.00
# Visual Studio 2008
Project("{FAE04EC0-301F-11D3-BF4B-00C04F79EFBC}") = "GlobalDemo", "GlobalDemo\GlobalDemo.csproj", "{7AA72F43-1651-44CE-9C18-A7B7D9CEF5F0}"
EndProject
Global
	GlobalSection(SolutionConfigurationPlatforms) = preSolution
		Debug|Any CPU = Debug|Any CPU
		Release|Any CPU = Release|Any CPU
	EndGlobalSection
	GlobalSection(ProjectConfigurationPlatforms) = postSolution
		{7AA72F43-1651-44CE-9C18-A7B7D9CEF5F0}.Debug|Any CPU.ActiveCfg = Debug|Any CPU
		{7AA72F43-1651-44CE-9C18-A7B7D9CEF5F0}.Debug|Any CPU.Build.0 = Debug|Any CPU
		{7AA72F43-1651-44CE-9C18-A7B7D9CEF5F0}.Release|Any CPU.ActiveCfg = Release|Any CPU
		{7AA72F43-1651-44CE-9C18-A7B7D9CEF5F0}.Release|Any CPU.Build.0 = Release|Any CPU
	EndGlobalSection
	GlobalSection(SolutionProperties) = preSolution
		HideSolutionNode = FALSE
	EndGlobalSection
EndGlobal
