
Microsoft Visual Studio Solution File, Format Version 11.00
# Visual Studio 2010
Project("{FAE04EC0-301F-11D3-BF4B-00C04F79EFBC}") = "EventsConsoleApplication", "EventsConsoleApplication\EventsConsoleApplication.csproj", "{A2F5F6B2-DB98-466A-A064-824A362C7F17}"
EndProject
Global
	GlobalSection(SolutionConfigurationPlatforms) = preSolution
		Debug|x86 = Debug|x86
		Release|x86 = Release|x86
	EndGlobalSection
	GlobalSection(ProjectConfigurationPlatforms) = postSolution
		{A2F5F6B2-DB98-466A-A064-824A362C7F17}.Debug|x86.ActiveCfg = Debug|x86
		{A2F5F6B2-DB98-466A-A064-824A362C7F17}.Debug|x86.Build.0 = Debug|x86
		{A2F5F6B2-DB98-466A-A064-824A362C7F17}.Release|x86.ActiveCfg = Release|x86
		{A2F5F6B2-DB98-466A-A064-824A362C7F17}.Release|x86.Build.0 = Release|x86
	EndGlobalSection
	GlobalSection(SolutionProperties) = preSolution
		HideSolutionNode = FALSE
	EndGlobalSection
EndGlobal
