
Microsoft Visual Studio Solution File, Format Version 12.00
# Visual Studio 2013
VisualStudioVersion = 12.0.30501.0
MinimumVisualStudioVersion = 10.0.40219.1
Project("{FAE04EC0-301F-11D3-BF4B-00C04F79EFBC}") = "Reflection", "Reflection.csproj", "{1F49B424-3E1F-49C4-9282-4BEE82FBF370}"
EndProject
Project("{FAE04EC0-301F-11D3-BF4B-00C04F79EFBC}") = "DynamicLibrary", "DynamicLibrary\DynamicLibrary.csproj", "{EB24A205-5D17-41F7-BD46-1AF032019D38}"
EndProject
Global
	GlobalSection(SolutionConfigurationPlatforms) = preSolution
		Debug|Any CPU = Debug|Any CPU
		Release|Any CPU = Release|Any CPU
	EndGlobalSection
	GlobalSection(ProjectConfigurationPlatforms) = postSolution
		{1F49B424-3E1F-49C4-9282-4BEE82FBF370}.Debug|Any CPU.ActiveCfg = Debug|Any CPU
		{1F49B424-3E1F-49C4-9282-4BEE82FBF370}.Debug|Any CPU.Build.0 = Debug|Any CPU
		{1F49B424-3E1F-49C4-9282-4BEE82FBF370}.Release|Any CPU.ActiveCfg = Release|Any CPU
		{1F49B424-3E1F-49C4-9282-4BEE82FBF370}.Release|Any CPU.Build.0 = Release|Any CPU
		{EB24A205-5D17-41F7-BD46-1AF032019D38}.Debug|Any CPU.ActiveCfg = Debug|Any CPU
		{EB24A205-5D17-41F7-BD46-1AF032019D38}.Debug|Any CPU.Build.0 = Debug|Any CPU
		{EB24A205-5D17-41F7-BD46-1AF032019D38}.Release|Any CPU.ActiveCfg = Release|Any CPU
		{EB24A205-5D17-41F7-BD46-1AF032019D38}.Release|Any CPU.Build.0 = Release|Any CPU
	EndGlobalSection
	GlobalSection(SolutionProperties) = preSolution
		HideSolutionNode = FALSE
	EndGlobalSection
EndGlobal
