
Microsoft Visual Studio Solution File, Format Version 12.00
# Visual Studio 2013
VisualStudioVersion = 12.0.30501.0
MinimumVisualStudioVersion = 10.0.40219.1
Project("{FAE04EC0-301F-11D3-BF4B-00C04F79EFBC}") = "CSharpLanguageEnhancements", "CSharpLanguageEnhancements\CSharpLanguageEnhancements.csproj", "{DCE92B31-FA97-4C4D-9CB4-3E2CA13F30B0}"
EndProject
Project("{FAE04EC0-301F-11D3-BF4B-00C04F79EFBC}") = "LINQ2Anything", "LINQ2Anything\LINQ2Anything.csproj", "{84E4D211-56E0-4702-A965-BFA9DB48C5AB}"
EndProject
Global
	GlobalSection(SolutionConfigurationPlatforms) = preSolution
		Debug|Any CPU = Debug|Any CPU
		Release|Any CPU = Release|Any CPU
	EndGlobalSection
	GlobalSection(ProjectConfigurationPlatforms) = postSolution
		{DCE92B31-FA97-4C4D-9CB4-3E2CA13F30B0}.Debug|Any CPU.ActiveCfg = Debug|Any CPU
		{DCE92B31-FA97-4C4D-9CB4-3E2CA13F30B0}.Debug|Any CPU.Build.0 = Debug|Any CPU
		{DCE92B31-FA97-4C4D-9CB4-3E2CA13F30B0}.Release|Any CPU.ActiveCfg = Release|Any CPU
		{DCE92B31-FA97-4C4D-9CB4-3E2CA13F30B0}.Release|Any CPU.Build.0 = Release|Any CPU
		{84E4D211-56E0-4702-A965-BFA9DB48C5AB}.Debug|Any CPU.ActiveCfg = Debug|Any CPU
		{84E4D211-56E0-4702-A965-BFA9DB48C5AB}.Debug|Any CPU.Build.0 = Debug|Any CPU
		{84E4D211-56E0-4702-A965-BFA9DB48C5AB}.Release|Any CPU.ActiveCfg = Release|Any CPU
		{84E4D211-56E0-4702-A965-BFA9DB48C5AB}.Release|Any CPU.Build.0 = Release|Any CPU
	EndGlobalSection
	GlobalSection(SolutionProperties) = preSolution
		HideSolutionNode = FALSE
	EndGlobalSection
EndGlobal
