
Microsoft Visual Studio Solution File, Format Version 12.00
# Visual Studio 2013
VisualStudioVersion = 12.0.30501.0
MinimumVisualStudioVersion = 10.0.40219.1
Project("{FAE04EC0-301F-11D3-BF4B-00C04F79EFBC}") = "RevealPaint", "RevealPaint\RevealPaint.csproj", "{3068CA04-D4BE-4D1F-B5D0-9A3E5E9D7634}"
EndProject
Global
	GlobalSection(SolutionConfigurationPlatforms) = preSolution
		Debug|Any CPU = Debug|Any CPU
		Debug|ARM = Debug|ARM
		Debug|x86 = Debug|x86
		Release|Any CPU = Release|Any CPU
		Release|ARM = Release|ARM
		Release|x86 = Release|x86
	EndGlobalSection
	GlobalSection(ProjectConfigurationPlatforms) = postSolution
		{3068CA04-D4BE-4D1F-B5D0-9A3E5E9D7634}.Debug|Any CPU.ActiveCfg = Debug|Any CPU
		{3068CA04-D4BE-4D1F-B5D0-9A3E5E9D7634}.Debug|Any CPU.Build.0 = Debug|Any CPU
		{3068CA04-D4BE-4D1F-B5D0-9A3E5E9D7634}.Debug|Any CPU.Deploy.0 = Debug|Any CPU
		{3068CA04-D4BE-4D1F-B5D0-9A3E5E9D7634}.Debug|ARM.ActiveCfg = Debug|ARM
		{3068CA04-D4BE-4D1F-B5D0-9A3E5E9D7634}.Debug|ARM.Build.0 = Debug|ARM
		{3068CA04-D4BE-4D1F-B5D0-9A3E5E9D7634}.Debug|ARM.Deploy.0 = Debug|ARM
		{3068CA04-D4BE-4D1F-B5D0-9A3E5E9D7634}.Debug|x86.ActiveCfg = Debug|x86
		{3068CA04-D4BE-4D1F-B5D0-9A3E5E9D7634}.Debug|x86.Build.0 = Debug|x86
		{3068CA04-D4BE-4D1F-B5D0-9A3E5E9D7634}.Debug|x86.Deploy.0 = Debug|x86
		{3068CA04-D4BE-4D1F-B5D0-9A3E5E9D7634}.Release|Any CPU.ActiveCfg = Release|Any CPU
		{3068CA04-D4BE-4D1F-B5D0-9A3E5E9D7634}.Release|Any CPU.Build.0 = Release|Any CPU
		{3068CA04-D4BE-4D1F-B5D0-9A3E5E9D7634}.Release|Any CPU.Deploy.0 = Release|Any CPU
		{3068CA04-D4BE-4D1F-B5D0-9A3E5E9D7634}.Release|ARM.ActiveCfg = Release|ARM
		{3068CA04-D4BE-4D1F-B5D0-9A3E5E9D7634}.Release|ARM.Build.0 = Release|ARM
		{3068CA04-D4BE-4D1F-B5D0-9A3E5E9D7634}.Release|ARM.Deploy.0 = Release|ARM
		{3068CA04-D4BE-4D1F-B5D0-9A3E5E9D7634}.Release|x86.ActiveCfg = Release|x86
		{3068CA04-D4BE-4D1F-B5D0-9A3E5E9D7634}.Release|x86.Build.0 = Release|x86
		{3068CA04-D4BE-4D1F-B5D0-9A3E5E9D7634}.Release|x86.Deploy.0 = Release|x86
	EndGlobalSection
	GlobalSection(SolutionProperties) = preSolution
		HideSolutionNode = FALSE
	EndGlobalSection
EndGlobal
