
Microsoft Visual Studio Solution File, Format Version 10.00
# Visual Studio 2008
Project("{FAE04EC0-301F-11D3-BF4B-00C04F79EFBC}") = "Reflection", "Reflection\Reflection.csproj", "{A9BAD9A9-D77E-491F-B3B0-2EB71F32A0DD}"
EndProject
Global
	GlobalSection(SolutionConfigurationPlatforms) = preSolution
		Debug|Any CPU = Debug|Any CPU
		Release|Any CPU = Release|Any CPU
	EndGlobalSection
	GlobalSection(ProjectConfigurationPlatforms) = postSolution
		{A9BAD9A9-D77E-491F-B3B0-2EB71F32A0DD}.Debug|Any CPU.ActiveCfg = Debug|Any CPU
		{A9BAD9A9-D77E-491F-B3B0-2EB71F32A0DD}.Debug|Any CPU.Build.0 = Debug|Any CPU
		{A9BAD9A9-D77E-491F-B3B0-2EB71F32A0DD}.Release|Any CPU.ActiveCfg = Release|Any CPU
		{A9BAD9A9-D77E-491F-B3B0-2EB71F32A0DD}.Release|Any CPU.Build.0 = Release|Any CPU
	EndGlobalSection
	GlobalSection(SolutionProperties) = preSolution
		HideSolutionNode = FALSE
	EndGlobalSection
EndGlobal
